
Microsoft Visual Studio Solution File, Format Version 12.00
# Visual Studio Version 17
VisualStudioVersion = 17.0.31903.59
MinimumVisualStudioVersion = 10.0.40219.1
Project("{9A19103F-16F7-4668-BE54-9A1E7A4F7556}") = "EncodingNormalior", "EncodingNormalior\EncodingNormalior.csproj", "{B4D74A9C-F593-4DD9-9CE6-FF12259E6337}"
EndProject
Project("{FAE04EC0-301F-11D3-BF4B-00C04F79EFBC}") = "EncodingNormalizerVsx", "EncodingNormalizerVsx\EncodingNormalizerVsx.csproj", "{5C4AABAC-646E-4CA0-822A-0A3D18A296C2}"
EndProject
Project("{9A19103F-16F7-4668-BE54-9A1E7A4F7556}") = "EncodingNormalizer.UnitTest", "EncodingNormalizer.UnitTest\EncodingNormalizer.UnitTest.csproj", "{388DB615-88E4-4306-B941-DC3C81B06194}"
EndProject
Project("{9A19103F-16F7-4668-BE54-9A1E7A4F7556}") = "EncodingUtf8AndGBKDifferentiater", "EncodingUtf8AndGBKDifferentiater\EncodingUtf8AndGBKDifferentiater.csproj", "{19184DC4-D745-451E-A3DA-9A827730E16A}"
EndProject
Project("{9A19103F-16F7-4668-BE54-9A1E7A4F7556}") = "EncodingNormalior.WPF", "EncodingNormalior.WPF\EncodingNormalior.WPF.csproj", "{DB0F1F5D-E82F-42A7-963F-4F072CAEBFAE}"
EndProject
Project("{FAE04EC0-301F-11D3-BF4B-00C04F79EFBC}") = "EncodingNormalizerVsix", "EncodingNormalizerVsix\EncodingNormalizerVsix.csproj", "{24B5AD6C-70C2-424D-B960-CD7513FA7695}"
EndProject
Global
	GlobalSection(SolutionConfigurationPlatforms) = preSolution
		Debug|Any CPU = Debug|Any CPU
		Debug|x86 = Debug|x86
		Release|Any CPU = Release|Any CPU
		Release|x86 = Release|x86
	EndGlobalSection
	GlobalSection(ProjectConfigurationPlatforms) = postSolution
		{B4D74A9C-F593-4DD9-9CE6-FF12259E6337}.Debug|Any CPU.ActiveCfg = Debug|Any CPU
		{B4D74A9C-F593-4DD9-9CE6-FF12259E6337}.Debug|Any CPU.Build.0 = Debug|Any CPU
		{B4D74A9C-F593-4DD9-9CE6-FF12259E6337}.Debug|x86.ActiveCfg = Debug|Any CPU
		{B4D74A9C-F593-4DD9-9CE6-FF12259E6337}.Debug|x86.Build.0 = Debug|Any CPU
		{B4D74A9C-F593-4DD9-9CE6-FF12259E6337}.Release|Any CPU.ActiveCfg = Release|Any CPU
		{B4D74A9C-F593-4DD9-9CE6-FF12259E6337}.Release|Any CPU.Build.0 = Release|Any CPU
		{B4D74A9C-F593-4DD9-9CE6-FF12259E6337}.Release|x86.ActiveCfg = Release|Any CPU
		{B4D74A9C-F593-4DD9-9CE6-FF12259E6337}.Release|x86.Build.0 = Release|Any CPU
		{5C4AABAC-646E-4CA0-822A-0A3D18A296C2}.Debug|Any CPU.ActiveCfg = Debug|Any CPU
		{5C4AABAC-646E-4CA0-822A-0A3D18A296C2}.Debug|Any CPU.Build.0 = Debug|Any CPU
		{5C4AABAC-646E-4CA0-822A-0A3D18A296C2}.Debug|x86.ActiveCfg = Debug|Any CPU
		{5C4AABAC-646E-4CA0-822A-0A3D18A296C2}.Debug|x86.Build.0 = Debug|Any CPU
		{5C4AABAC-646E-4CA0-822A-0A3D18A296C2}.Release|Any CPU.ActiveCfg = Release|Any CPU
		{5C4AABAC-646E-4CA0-822A-0A3D18A296C2}.Release|Any CPU.Build.0 = Release|Any CPU
		{5C4AABAC-646E-4CA0-822A-0A3D18A296C2}.Release|x86.ActiveCfg = Release|Any CPU
		{5C4AABAC-646E-4CA0-822A-0A3D18A296C2}.Release|x86.Build.0 = Release|Any CPU
		{388DB615-88E4-4306-B941-DC3C81B06194}.Debug|Any CPU.ActiveCfg = Debug|Any CPU
		{388DB615-88E4-4306-B941-DC3C81B06194}.Debug|Any CPU.Build.0 = Debug|Any CPU
		{388DB615-88E4-4306-B941-DC3C81B06194}.Debug|x86.ActiveCfg = Debug|Any CPU
		{388DB615-88E4-4306-B941-DC3C81B06194}.Debug|x86.Build.0 = Debug|Any CPU
		{388DB615-88E4-4306-B941-DC3C81B06194}.Release|Any CPU.ActiveCfg = Release|Any CPU
		{388DB615-88E4-4306-B941-DC3C81B06194}.Release|Any CPU.Build.0 = Release|Any CPU
		{388DB615-88E4-4306-B941-DC3C81B06194}.Release|x86.ActiveCfg = Release|Any CPU
		{388DB615-88E4-4306-B941-DC3C81B06194}.Release|x86.Build.0 = Release|Any CPU
		{19184DC4-D745-451E-A3DA-9A827730E16A}.Debug|Any CPU.ActiveCfg = Debug|Any CPU
		{19184DC4-D745-451E-A3DA-9A827730E16A}.Debug|Any CPU.Build.0 = Debug|Any CPU
		{19184DC4-D745-451E-A3DA-9A827730E16A}.Debug|x86.ActiveCfg = Debug|Any CPU
		{19184DC4-D745-451E-A3DA-9A827730E16A}.Debug|x86.Build.0 = Debug|Any CPU
		{19184DC4-D745-451E-A3DA-9A827730E16A}.Release|Any CPU.ActiveCfg = Release|Any CPU
		{19184DC4-D745-451E-A3DA-9A827730E16A}.Release|Any CPU.Build.0 = Release|Any CPU
		{19184DC4-D745-451E-A3DA-9A827730E16A}.Release|x86.ActiveCfg = Release|Any CPU
		{19184DC4-D745-451E-A3DA-9A827730E16A}.Release|x86.Build.0 = Release|Any CPU
		{DB0F1F5D-E82F-42A7-963F-4F072CAEBFAE}.Debug|Any CPU.ActiveCfg = Debug|Any CPU
		{DB0F1F5D-E82F-42A7-963F-4F072CAEBFAE}.Debug|Any CPU.Build.0 = Debug|Any CPU
		{DB0F1F5D-E82F-42A7-963F-4F072CAEBFAE}.Debug|x86.ActiveCfg = Debug|Any CPU
		{DB0F1F5D-E82F-42A7-963F-4F072CAEBFAE}.Debug|x86.Build.0 = Debug|Any CPU
		{DB0F1F5D-E82F-42A7-963F-4F072CAEBFAE}.Release|Any CPU.ActiveCfg = Release|Any CPU
		{DB0F1F5D-E82F-42A7-963F-4F072CAEBFAE}.Release|Any CPU.Build.0 = Release|Any CPU
		{DB0F1F5D-E82F-42A7-963F-4F072CAEBFAE}.Release|x86.ActiveCfg = Release|Any CPU
		{DB0F1F5D-E82F-42A7-963F-4F072CAEBFAE}.Release|x86.Build.0 = Release|Any CPU
		{24B5AD6C-70C2-424D-B960-CD7513FA7695}.Debug|Any CPU.ActiveCfg = Debug|Any CPU
		{24B5AD6C-70C2-424D-B960-CD7513FA7695}.Debug|Any CPU.Build.0 = Debug|Any CPU
		{24B5AD6C-70C2-424D-B960-CD7513FA7695}.Debug|x86.ActiveCfg = Debug|x86
		{24B5AD6C-70C2-424D-B960-CD7513FA7695}.Debug|x86.Build.0 = Debug|x86
		{24B5AD6C-70C2-424D-B960-CD7513FA7695}.Release|Any CPU.ActiveCfg = Release|Any CPU
		{24B5AD6C-70C2-424D-B960-CD7513FA7695}.Release|Any CPU.Build.0 = Release|Any CPU
		{24B5AD6C-70C2-424D-B960-CD7513FA7695}.Release|x86.ActiveCfg = Release|x86
		{24B5AD6C-70C2-424D-B960-CD7513FA7695}.Release|x86.Build.0 = Release|x86
	EndGlobalSection
	GlobalSection(SolutionProperties) = preSolution
		HideSolutionNode = FALSE
	EndGlobalSection
	GlobalSection(ExtensibilityGlobals) = postSolution
		SolutionGuid = {6F43712C-A455-4B41-80F1-5C4C0E15AC12}
	EndGlobalSection
EndGlobal
